// !$*UTF8*$!
{
	archiveVersion = 1;
	classes = {
	};
	objectVersion = 48;
	objects = {

/* Begin PBXBuildFile section */
		9E7137270E3E8051B4DC39B5 /* Pods_Merge.framework in Frameworks */ = {isa = PBXBuildFile; fileRef = 2ECA8FD5C0F854002441B979 /* Pods_Merge.framework */; };
		D050C2CE20F6E67D00BEC2B7 /* ChatVC.swift in Sources */ = {isa = PBXBuildFile; fileRef = D050C2CD20F6E67D00BEC2B7 /* ChatVC.swift */; };
		D050C2D120F6EF5F00BEC2B7 /* LandingPageVC.swift in Sources */ = {isa = PBXBuildFile; fileRef = D050C2D020F6EF5F00BEC2B7 /* LandingPageVC.swift */; };
		D050C2D420F6EFE700BEC2B7 /* MenuVC.swift in Sources */ = {isa = PBXBuildFile; fileRef = D050C2D320F6EFE700BEC2B7 /* MenuVC.swift */; };
		D050C2D720F6F0B100BEC2B7 /* ContactVC.swift in Sources */ = {isa = PBXBuildFile; fileRef = D050C2D620F6F0B100BEC2B7 /* ContactVC.swift */; };
		D06EC30C20F66F4000DFFE5D /* FirstLoginVC.swift in Sources */ = {isa = PBXBuildFile; fileRef = D06EC30B20F66F4000DFFE5D /* FirstLoginVC.swift */; };
		D06EC31020F6826100DFFE5D /* LogInVC.swift in Sources */ = {isa = PBXBuildFile; fileRef = D06EC30F20F6826100DFFE5D /* LogInVC.swift */; };
		D06EC31320F68B4B00DFFE5D /* ForgotPasswordVC.swift in Sources */ = {isa = PBXBuildFile; fileRef = D06EC31220F68B4B00DFFE5D /* ForgotPasswordVC.swift */; };
		D06EC31520F690E500DFFE5D /* RegisterVC.swift in Sources */ = {isa = PBXBuildFile; fileRef = D06EC31420F690E500DFFE5D /* RegisterVC.swift */; };
		D06EC31720F691EE00DFFE5D /* BaseViewController.swift in Sources */ = {isa = PBXBuildFile; fileRef = D06EC31620F691EE00DFFE5D /* BaseViewController.swift */; };
		D06EC31A20F6931400DFFE5D /* PlayerObject.swift in Sources */ = {isa = PBXBuildFile; fileRef = D06EC31920F6931400DFFE5D /* PlayerObject.swift */; };
		D06EC32620F6941700DFFE5D /* PlayListCell.swift in Sources */ = {isa = PBXBuildFile; fileRef = D06EC31C20F6941700DFFE5D /* PlayListCell.swift */; };
		D06EC32720F6941700DFFE5D /* PlayListCell.xib in Resources */ = {isa = PBXBuildFile; fileRef = D06EC31D20F6941700DFFE5D /* PlayListCell.xib */; };
		D06EC32820F6941700DFFE5D /* PlaylistView.swift in Sources */ = {isa = PBXBuildFile; fileRef = D06EC31E20F6941700DFFE5D /* PlaylistView.swift */; };
		D06EC32920F6941700DFFE5D /* PlaylistView.xib in Resources */ = {isa = PBXBuildFile; fileRef = D06EC31F20F6941700DFFE5D /* PlaylistView.xib */; };
		D06EC32A20F6941700DFFE5D /* SongInfoCell.swift in Sources */ = {isa = PBXBuildFile; fileRef = D06EC32020F6941700DFFE5D /* SongInfoCell.swift */; };
		D06EC32B20F6941700DFFE5D /* SongInfoCell.xib in Resources */ = {isa = PBXBuildFile; fileRef = D06EC32120F6941700DFFE5D /* SongInfoCell.xib */; };
		D06EC32C20F6941700DFFE5D /* SongInfoLastCell.swift in Sources */ = {isa = PBXBuildFile; fileRef = D06EC32220F6941700DFFE5D /* SongInfoLastCell.swift */; };
		D06EC32D20F6941700DFFE5D /* SongInfoLastCell.xib in Resources */ = {isa = PBXBuildFile; fileRef = D06EC32320F6941700DFFE5D /* SongInfoLastCell.xib */; };
		D06EC32E20F6941800DFFE5D /* SongInfoView.swift in Sources */ = {isa = PBXBuildFile; fileRef = D06EC32420F6941700DFFE5D /* SongInfoView.swift */; };
		D06EC32F20F6941800DFFE5D /* SongInfoView.xib in Resources */ = {isa = PBXBuildFile; fileRef = D06EC32520F6941700DFFE5D /* SongInfoView.xib */; };
		D09E60E2206A9DA1008E5E0B /* AppDelegate.swift in Sources */ = {isa = PBXBuildFile; fileRef = D09E60E1206A9DA1008E5E0B /* AppDelegate.swift */; };
		D09E60E7206A9DA1008E5E0B /* Main.storyboard in Resources */ = {isa = PBXBuildFile; fileRef = D09E60E5206A9DA1008E5E0B /* Main.storyboard */; };
		D09E60EA206A9DA1008E5E0B /* Merge.xcdatamodeld in Sources */ = {isa = PBXBuildFile; fileRef = D09E60E8206A9DA1008E5E0B /* Merge.xcdatamodeld */; };
		D09E60EC206A9DA1008E5E0B /* Assets.xcassets in Resources */ = {isa = PBXBuildFile; fileRef = D09E60EB206A9DA1008E5E0B /* Assets.xcassets */; };
		D09E60EF206A9DA1008E5E0B /* LaunchScreen.storyboard in Resources */ = {isa = PBXBuildFile; fileRef = D09E60ED206A9DA1008E5E0B /* LaunchScreen.storyboard */; };
		D0DA6C9720F63E19000600CB /* Poppins-Black.ttf in Resources */ = {isa = PBXBuildFile; fileRef = D0DA6C8520F63E19000600CB /* Poppins-Black.ttf */; };
		D0DA6C9820F63E19000600CB /* Poppins-BlackItalic.ttf in Resources */ = {isa = PBXBuildFile; fileRef = D0DA6C8620F63E19000600CB /* Poppins-BlackItalic.ttf */; };
		D0DA6C9920F63E19000600CB /* Poppins-Bold.ttf in Resources */ = {isa = PBXBuildFile; fileRef = D0DA6C8720F63E19000600CB /* Poppins-Bold.ttf */; };
		D0DA6C9A20F63E19000600CB /* Poppins-BoldItalic.ttf in Resources */ = {isa = PBXBuildFile; fileRef = D0DA6C8820F63E19000600CB /* Poppins-BoldItalic.ttf */; };
		D0DA6C9B20F63E19000600CB /* Poppins-ExtraBold.ttf in Resources */ = {isa = PBXBuildFile; fileRef = D0DA6C8920F63E19000600CB /* Poppins-ExtraBold.ttf */; };
		D0DA6C9C20F63E19000600CB /* Poppins-ExtraBoldItalic.ttf in Resources */ = {isa = PBXBuildFile; fileRef = D0DA6C8A20F63E19000600CB /* Poppins-ExtraBoldItalic.ttf */; };
		D0DA6C9D20F63E19000600CB /* Poppins-ExtraLight.ttf in Resources */ = {isa = PBXBuildFile; fileRef = D0DA6C8B20F63E19000600CB /* Poppins-ExtraLight.ttf */; };
		D0DA6C9E20F63E19000600CB /* Poppins-ExtraLightItalic.ttf in Resources */ = {isa = PBXBuildFile; fileRef = D0DA6C8C20F63E19000600CB /* Poppins-ExtraLightItalic.ttf */; };
		D0DA6C9F20F63E19000600CB /* Poppins-Italic.ttf in Resources */ = {isa = PBXBuildFile; fileRef = D0DA6C8D20F63E19000600CB /* Poppins-Italic.ttf */; };
		D0DA6CA020F63E19000600CB /* Poppins-Light.ttf in Resources */ = {isa = PBXBuildFile; fileRef = D0DA6C8E20F63E19000600CB /* Poppins-Light.ttf */; };
		D0DA6CA120F63E19000600CB /* Poppins-LightItalic.ttf in Resources */ = {isa = PBXBuildFile; fileRef = D0DA6C8F20F63E19000600CB /* Poppins-LightItalic.ttf */; };
		D0DA6CA220F63E19000600CB /* Poppins-Medium.ttf in Resources */ = {isa = PBXBuildFile; fileRef = D0DA6C9020F63E19000600CB /* Poppins-Medium.ttf */; };
		D0DA6CA320F63E19000600CB /* Poppins-MediumItalic.ttf in Resources */ = {isa = PBXBuildFile; fileRef = D0DA6C9120F63E19000600CB /* Poppins-MediumItalic.ttf */; };
		D0DA6CA420F63E19000600CB /* Poppins-Regular.ttf in Resources */ = {isa = PBXBuildFile; fileRef = D0DA6C9220F63E19000600CB /* Poppins-Regular.ttf */; };
		D0DA6CA520F63E19000600CB /* Poppins-SemiBold.ttf in Resources */ = {isa = PBXBuildFile; fileRef = D0DA6C9320F63E19000600CB /* Poppins-SemiBold.ttf */; };
		D0DA6CA620F63E19000600CB /* Poppins-SemiBoldItalic.ttf in Resources */ = {isa = PBXBuildFile; fileRef = D0DA6C9420F63E19000600CB /* Poppins-SemiBoldItalic.ttf */; };
		D0DA6CA720F63E19000600CB /* Poppins-Thin.ttf in Resources */ = {isa = PBXBuildFile; fileRef = D0DA6C9520F63E19000600CB /* Poppins-Thin.ttf */; };
		D0DA6CA820F63E19000600CB /* Poppins-ThinItalic.ttf in Resources */ = {isa = PBXBuildFile; fileRef = D0DA6C9620F63E19000600CB /* Poppins-ThinItalic.ttf */; };
		D0F1C33D20F59D5F00E3A9BA /* AlwisalStatusModel.swift in Sources */ = {isa = PBXBuildFile; fileRef = D0F1C31E20F59D5F00E3A9BA /* AlwisalStatusModel.swift */; };
		D0F1C33E20F59D5F00E3A9BA /* ArticlesManager.swift in Sources */ = {isa = PBXBuildFile; fileRef = D0F1C31F20F59D5F00E3A9BA /* ArticlesManager.swift */; };
		D0F1C33F20F59D5F00E3A9BA /* ArtistInfoManager.swift in Sources */ = {isa = PBXBuildFile; fileRef = D0F1C32020F59D5F00E3A9BA /* ArtistInfoManager.swift */; };
		D0F1C34020F59D5F00E3A9BA /* EventsManager.swift in Sources */ = {isa = PBXBuildFile; fileRef = D0F1C32120F59D5F00E3A9BA /* EventsManager.swift */; };
		D0F1C34120F59D5F00E3A9BA /* LandingPageManager.swift in Sources */ = {isa = PBXBuildFile; fileRef = D0F1C32220F59D5F00E3A9BA /* LandingPageManager.swift */; };
		D0F1C34220F59D5F00E3A9BA /* NewsModuleManager.swift in Sources */ = {isa = PBXBuildFile; fileRef = D0F1C32320F59D5F00E3A9BA /* NewsModuleManager.swift */; };
		D0F1C34320F59D5F00E3A9BA /* PresenterModuleManager.swift in Sources */ = {isa = PBXBuildFile; fileRef = D0F1C32420F59D5F00E3A9BA /* PresenterModuleManager.swift */; };
		D0F1C34420F59D5F00E3A9BA /* UserModuleManager.swift in Sources */ = {isa = PBXBuildFile; fileRef = D0F1C32520F59D5F00E3A9BA /* UserModuleManager.swift */; };
		D0F1C34520F59D5F00E3A9BA /* AlwisalApiUrls.swift in Sources */ = {isa = PBXBuildFile; fileRef = D0F1C32820F59D5F00E3A9BA /* AlwisalApiUrls.swift */; };
		D0F1C34620F59D5F00E3A9BA /* CLBaseService.swift in Sources */ = {isa = PBXBuildFile; fileRef = D0F1C32920F59D5F00E3A9BA /* CLBaseService.swift */; };
		D0F1C34720F59D5F00E3A9BA /* CLNetworkManager.swift in Sources */ = {isa = PBXBuildFile; fileRef = D0F1C32A20F59D5F00E3A9BA /* CLNetworkManager.swift */; };
		D0F1C34820F59D5F00E3A9BA /* CLNetworkModel.swift in Sources */ = {isa = PBXBuildFile; fileRef = D0F1C32B20F59D5F00E3A9BA /* CLNetworkModel.swift */; };
		D0F1C34920F59D5F00E3A9BA /* CLNetworkUtility.swift in Sources */ = {isa = PBXBuildFile; fileRef = D0F1C32C20F59D5F00E3A9BA /* CLNetworkUtility.swift */; };
		D0F1C34A20F59D5F00E3A9BA /* Reachability.m in Sources */ = {isa = PBXBuildFile; fileRef = D0F1C32E20F59D5F00E3A9BA /* Reachability.m */; };
		D0F1C34B20F59D5F00E3A9BA /* Constants.swift in Sources */ = {isa = PBXBuildFile; fileRef = D0F1C32F20F59D5F00E3A9BA /* Constants.swift */; };
		D0F1C34C20F59D5F00E3A9BA /* ExSlideMenuController.swift in Sources */ = {isa = PBXBuildFile; fileRef = D0F1C33020F59D5F00E3A9BA /* ExSlideMenuController.swift */; };
		D0F1C34D20F59D5F00E3A9BA /* StringExtensions.swift in Sources */ = {isa = PBXBuildFile; fileRef = D0F1C33220F59D5F00E3A9BA /* StringExtensions.swift */; };
		D0F1C34E20F59D5F00E3A9BA /* Mada-Black.ttf in Resources */ = {isa = PBXBuildFile; fileRef = D0F1C33420F59D5F00E3A9BA /* Mada-Black.ttf */; };
		D0F1C34F20F59D5F00E3A9BA /* Mada-Bold.ttf in Resources */ = {isa = PBXBuildFile; fileRef = D0F1C33520F59D5F00E3A9BA /* Mada-Bold.ttf */; };
		D0F1C35020F59D5F00E3A9BA /* Mada-ExtraLight.ttf in Resources */ = {isa = PBXBuildFile; fileRef = D0F1C33620F59D5F00E3A9BA /* Mada-ExtraLight.ttf */; };
		D0F1C35120F59D5F00E3A9BA /* Mada-Light.ttf in Resources */ = {isa = PBXBuildFile; fileRef = D0F1C33720F59D5F00E3A9BA /* Mada-Light.ttf */; };
		D0F1C35220F59D5F00E3A9BA /* Mada-Medium.ttf in Resources */ = {isa = PBXBuildFile; fileRef = D0F1C33820F59D5F00E3A9BA /* Mada-Medium.ttf */; };
		D0F1C35320F59D5F00E3A9BA /* Mada-Regular.ttf in Resources */ = {isa = PBXBuildFile; fileRef = D0F1C33920F59D5F00E3A9BA /* Mada-Regular.ttf */; };
		D0F1C35420F59D5F00E3A9BA /* Mada-SemiBold.ttf in Resources */ = {isa = PBXBuildFile; fileRef = D0F1C33A20F59D5F00E3A9BA /* Mada-SemiBold.ttf */; };
		D0F1C35520F59D6000E3A9BA /* AlwisalUtility.swift in Sources */ = {isa = PBXBuildFile; fileRef = D0F1C33C20F59D5F00E3A9BA /* AlwisalUtility.swift */; };
		D0F1C36320F59F9F00E3A9BA /* AlwisalForgotPassword.swift in Sources */ = {isa = PBXBuildFile; fileRef = D0F1C36020F59F9D00E3A9BA /* AlwisalForgotPassword.swift */; };
		D0F1C36420F59F9F00E3A9BA /* AlwisalLogIN.swift in Sources */ = {isa = PBXBuildFile; fileRef = D0F1C36120F59F9D00E3A9BA /* AlwisalLogIN.swift */; };
		D0F1C36520F59F9F00E3A9BA /* AlwisalRegister.swift in Sources */ = {isa = PBXBuildFile; fileRef = D0F1C36220F59F9D00E3A9BA /* AlwisalRegister.swift */; };
/* End PBXBuildFile section */

/* Begin PBXFileReference section */
		111EC436B6736B0FA6E6FABE /* Pods-Merge.debug.xcconfig */ = {isa = PBXFileReference; includeInIndex = 1; lastKnownFileType = text.xcconfig; name = "Pods-Merge.debug.xcconfig"; path = "Pods/Target Support Files/Pods-Merge/Pods-Merge.debug.xcconfig"; sourceTree = "<group>"; };
		2ECA8FD5C0F854002441B979 /* Pods_Merge.framework */ = {isa = PBXFileReference; explicitFileType = wrapper.framework; includeInIndex = 0; path = Pods_Merge.framework; sourceTree = BUILT_PRODUCTS_DIR; };
		713FF6B29375A62245A2B1BC /* Pods-Merge.release.xcconfig */ = {isa = PBXFileReference; includeInIndex = 1; lastKnownFileType = text.xcconfig; name = "Pods-Merge.release.xcconfig"; path = "Pods/Target Support Files/Pods-Merge/Pods-Merge.release.xcconfig"; sourceTree = "<group>"; };
		D050C2CD20F6E67D00BEC2B7 /* ChatVC.swift */ = {isa = PBXFileReference; lastKnownFileType = sourcecode.swift; path = ChatVC.swift; sourceTree = "<group>"; };
		D050C2D020F6EF5F00BEC2B7 /* LandingPageVC.swift */ = {isa = PBXFileReference; lastKnownFileType = sourcecode.swift; path = LandingPageVC.swift; sourceTree = "<group>"; };
		D050C2D320F6EFE700BEC2B7 /* MenuVC.swift */ = {isa = PBXFileReference; lastKnownFileType = sourcecode.swift; path = MenuVC.swift; sourceTree = "<group>"; };
		D050C2D620F6F0B100BEC2B7 /* ContactVC.swift */ = {isa = PBXFileReference; lastKnownFileType = sourcecode.swift; path = ContactVC.swift; sourceTree = "<group>"; };
		D06EC30B20F66F4000DFFE5D /* FirstLoginVC.swift */ = {isa = PBXFileReference; lastKnownFileType = sourcecode.swift; path = FirstLoginVC.swift; sourceTree = "<group>"; };
		D06EC30F20F6826100DFFE5D /* LogInVC.swift */ = {isa = PBXFileReference; lastKnownFileType = sourcecode.swift; path = LogInVC.swift; sourceTree = "<group>"; };
		D06EC31220F68B4B00DFFE5D /* ForgotPasswordVC.swift */ = {isa = PBXFileReference; lastKnownFileType = sourcecode.swift; path = ForgotPasswordVC.swift; sourceTree = "<group>"; };
		D06EC31420F690E500DFFE5D /* RegisterVC.swift */ = {isa = PBXFileReference; lastKnownFileType = sourcecode.swift; path = RegisterVC.swift; sourceTree = "<group>"; };
		D06EC31620F691EE00DFFE5D /* BaseViewController.swift */ = {isa = PBXFileReference; fileEncoding = 4; lastKnownFileType = sourcecode.swift; path = BaseViewController.swift; sourceTree = "<group>"; };
		D06EC31920F6931400DFFE5D /* PlayerObject.swift */ = {isa = PBXFileReference; fileEncoding = 4; lastKnownFileType = sourcecode.swift; path = PlayerObject.swift; sourceTree = "<group>"; };
		D06EC31C20F6941700DFFE5D /* PlayListCell.swift */ = {isa = PBXFileReference; fileEncoding = 4; lastKnownFileType = sourcecode.swift; path = PlayListCell.swift; sourceTree = "<group>"; };
		D06EC31D20F6941700DFFE5D /* PlayListCell.xib */ = {isa = PBXFileReference; fileEncoding = 4; lastKnownFileType = file.xib; path = PlayListCell.xib; sourceTree = "<group>"; };
		D06EC31E20F6941700DFFE5D /* PlaylistView.swift */ = {isa = PBXFileReference; fileEncoding = 4; lastKnownFileType = sourcecode.swift; path = PlaylistView.swift; sourceTree = "<group>"; };
		D06EC31F20F6941700DFFE5D /* PlaylistView.xib */ = {isa = PBXFileReference; fileEncoding = 4; lastKnownFileType = file.xib; path = PlaylistView.xib; sourceTree = "<group>"; };
		D06EC32020F6941700DFFE5D /* SongInfoCell.swift */ = {isa = PBXFileReference; fileEncoding = 4; lastKnownFileType = sourcecode.swift; path = SongInfoCell.swift; sourceTree = "<group>"; };
		D06EC32120F6941700DFFE5D /* SongInfoCell.xib */ = {isa = PBXFileReference; fileEncoding = 4; lastKnownFileType = file.xib; path = SongInfoCell.xib; sourceTree = "<group>"; };
		D06EC32220F6941700DFFE5D /* SongInfoLastCell.swift */ = {isa = PBXFileReference; fileEncoding = 4; lastKnownFileType = sourcecode.swift; path = SongInfoLastCell.swift; sourceTree = "<group>"; };
		D06EC32320F6941700DFFE5D /* SongInfoLastCell.xib */ = {isa = PBXFileReference; fileEncoding = 4; lastKnownFileType = file.xib; path = SongInfoLastCell.xib; sourceTree = "<group>"; };
		D06EC32420F6941700DFFE5D /* SongInfoView.swift */ = {isa = PBXFileReference; fileEncoding = 4; lastKnownFileType = sourcecode.swift; path = SongInfoView.swift; sourceTree = "<group>"; };
		D06EC32520F6941700DFFE5D /* SongInfoView.xib */ = {isa = PBXFileReference; fileEncoding = 4; lastKnownFileType = file.xib; path = SongInfoView.xib; sourceTree = "<group>"; };
		D09E60DE206A9DA1008E5E0B /* Merge.app */ = {isa = PBXFileReference; explicitFileType = wrapper.application; includeInIndex = 0; path = Merge.app; sourceTree = BUILT_PRODUCTS_DIR; };
		D09E60E1206A9DA1008E5E0B /* AppDelegate.swift */ = {isa = PBXFileReference; lastKnownFileType = sourcecode.swift; path = AppDelegate.swift; sourceTree = "<group>"; };
		D09E60E6206A9DA1008E5E0B /* Base */ = {isa = PBXFileReference; lastKnownFileType = file.storyboard; name = Base; path = Base.lproj/Main.storyboard; sourceTree = "<group>"; };
		D09E60E9206A9DA1008E5E0B /* Merge.xcdatamodel */ = {isa = PBXFileReference; lastKnownFileType = wrapper.xcdatamodel; path = Merge.xcdatamodel; sourceTree = "<group>"; };
		D09E60EB206A9DA1008E5E0B /* Assets.xcassets */ = {isa = PBXFileReference; lastKnownFileType = folder.assetcatalog; path = Assets.xcassets; sourceTree = "<group>"; };
		D09E60EE206A9DA1008E5E0B /* Base */ = {isa = PBXFileReference; lastKnownFileType = file.storyboard; name = Base; path = Base.lproj/LaunchScreen.storyboard; sourceTree = "<group>"; };
		D09E60F0206A9DA1008E5E0B /* Info.plist */ = {isa = PBXFileReference; lastKnownFileType = text.plist.xml; path = Info.plist; sourceTree = "<group>"; };
		D0DA6C8520F63E19000600CB /* Poppins-Black.ttf */ = {isa = PBXFileReference; lastKnownFileType = file; path = "Poppins-Black.ttf"; sourceTree = "<group>"; };
		D0DA6C8620F63E19000600CB /* Poppins-BlackItalic.ttf */ = {isa = PBXFileReference; lastKnownFileType = file; path = "Poppins-BlackItalic.ttf"; sourceTree = "<group>"; };
		D0DA6C8720F63E19000600CB /* Poppins-Bold.ttf */ = {isa = PBXFileReference; lastKnownFileType = file; path = "Poppins-Bold.ttf"; sourceTree = "<group>"; };
		D0DA6C8820F63E19000600CB /* Poppins-BoldItalic.ttf */ = {isa = PBXFileReference; lastKnownFileType = file; path = "Poppins-BoldItalic.ttf"; sourceTree = "<group>"; };
		D0DA6C8920F63E19000600CB /* Poppins-ExtraBold.ttf */ = {isa = PBXFileReference; lastKnownFileType = file; path = "Poppins-ExtraBold.ttf"; sourceTree = "<group>"; };
		D0DA6C8A20F63E19000600CB /* Poppins-ExtraBoldItalic.ttf */ = {isa = PBXFileReference; lastKnownFileType = file; path = "Poppins-ExtraBoldItalic.ttf"; sourceTree = "<group>"; };
		D0DA6C8B20F63E19000600CB /* Poppins-ExtraLight.ttf */ = {isa = PBXFileReference; lastKnownFileType = file; path = "Poppins-ExtraLight.ttf"; sourceTree = "<group>"; };
		D0DA6C8C20F63E19000600CB /* Poppins-ExtraLightItalic.ttf */ = {isa = PBXFileReference; lastKnownFileType = file; path = "Poppins-ExtraLightItalic.ttf"; sourceTree = "<group>"; };
		D0DA6C8D20F63E19000600CB /* Poppins-Italic.ttf */ = {isa = PBXFileReference; lastKnownFileType = file; path = "Poppins-Italic.ttf"; sourceTree = "<group>"; };
		D0DA6C8E20F63E19000600CB /* Poppins-Light.ttf */ = {isa = PBXFileReference; lastKnownFileType = file; path = "Poppins-Light.ttf"; sourceTree = "<group>"; };
		D0DA6C8F20F63E19000600CB /* Poppins-LightItalic.ttf */ = {isa = PBXFileReference; lastKnownFileType = file; path = "Poppins-LightItalic.ttf"; sourceTree = "<group>"; };
		D0DA6C9020F63E19000600CB /* Poppins-Medium.ttf */ = {isa = PBXFileReference; lastKnownFileType = file; path = "Poppins-Medium.ttf"; sourceTree = "<group>"; };
		D0DA6C9120F63E19000600CB /* Poppins-MediumItalic.ttf */ = {isa = PBXFileReference; lastKnownFileType = file; path = "Poppins-MediumItalic.ttf"; sourceTree = "<group>"; };
		D0DA6C9220F63E19000600CB /* Poppins-Regular.ttf */ = {isa = PBXFileReference; lastKnownFileType = file; path = "Poppins-Regular.ttf"; sourceTree = "<group>"; };
		D0DA6C9320F63E19000600CB /* Poppins-SemiBold.ttf */ = {isa = PBXFileReference; lastKnownFileType = file; path = "Poppins-SemiBold.ttf"; sourceTree = "<group>"; };
		D0DA6C9420F63E19000600CB /* Poppins-SemiBoldItalic.ttf */ = {isa = PBXFileReference; lastKnownFileType = file; path = "Poppins-SemiBoldItalic.ttf"; sourceTree = "<group>"; };
		D0DA6C9520F63E19000600CB /* Poppins-Thin.ttf */ = {isa = PBXFileReference; lastKnownFileType = file; path = "Poppins-Thin.ttf"; sourceTree = "<group>"; };
		D0DA6C9620F63E19000600CB /* Poppins-ThinItalic.ttf */ = {isa = PBXFileReference; lastKnownFileType = file; path = "Poppins-ThinItalic.ttf"; sourceTree = "<group>"; };
		D0F1C31E20F59D5F00E3A9BA /* AlwisalStatusModel.swift */ = {isa = PBXFileReference; fileEncoding = 4; lastKnownFileType = sourcecode.swift; path = AlwisalStatusModel.swift; sourceTree = "<group>"; };
		D0F1C31F20F59D5F00E3A9BA /* ArticlesManager.swift */ = {isa = PBXFileReference; fileEncoding = 4; lastKnownFileType = sourcecode.swift; path = ArticlesManager.swift; sourceTree = "<group>"; };
		D0F1C32020F59D5F00E3A9BA /* ArtistInfoManager.swift */ = {isa = PBXFileReference; fileEncoding = 4; lastKnownFileType = sourcecode.swift; path = ArtistInfoManager.swift; sourceTree = "<group>"; };
		D0F1C32120F59D5F00E3A9BA /* EventsManager.swift */ = {isa = PBXFileReference; fileEncoding = 4; lastKnownFileType = sourcecode.swift; path = EventsManager.swift; sourceTree = "<group>"; };
		D0F1C32220F59D5F00E3A9BA /* LandingPageManager.swift */ = {isa = PBXFileReference; fileEncoding = 4; lastKnownFileType = sourcecode.swift; path = LandingPageManager.swift; sourceTree = "<group>"; };
		D0F1C32320F59D5F00E3A9BA /* NewsModuleManager.swift */ = {isa = PBXFileReference; fileEncoding = 4; lastKnownFileType = sourcecode.swift; path = NewsModuleManager.swift; sourceTree = "<group>"; };
		D0F1C32420F59D5F00E3A9BA /* PresenterModuleManager.swift */ = {isa = PBXFileReference; fileEncoding = 4; lastKnownFileType = sourcecode.swift; path = PresenterModuleManager.swift; sourceTree = "<group>"; };
		D0F1C32520F59D5F00E3A9BA /* UserModuleManager.swift */ = {isa = PBXFileReference; fileEncoding = 4; lastKnownFileType = sourcecode.swift; path = UserModuleManager.swift; sourceTree = "<group>"; };
		D0F1C32720F59D5F00E3A9BA /* Alwisal-Bridging-Header.h */ = {isa = PBXFileReference; fileEncoding = 4; lastKnownFileType = sourcecode.c.h; path = "Alwisal-Bridging-Header.h"; sourceTree = "<group>"; };
		D0F1C32820F59D5F00E3A9BA /* AlwisalApiUrls.swift */ = {isa = PBXFileReference; fileEncoding = 4; lastKnownFileType = sourcecode.swift; path = AlwisalApiUrls.swift; sourceTree = "<group>"; };
		D0F1C32920F59D5F00E3A9BA /* CLBaseService.swift */ = {isa = PBXFileReference; fileEncoding = 4; lastKnownFileType = sourcecode.swift; path = CLBaseService.swift; sourceTree = "<group>"; };
		D0F1C32A20F59D5F00E3A9BA /* CLNetworkManager.swift */ = {isa = PBXFileReference; fileEncoding = 4; lastKnownFileType = sourcecode.swift; path = CLNetworkManager.swift; sourceTree = "<group>"; };
		D0F1C32B20F59D5F00E3A9BA /* CLNetworkModel.swift */ = {isa = PBXFileReference; fileEncoding = 4; lastKnownFileType = sourcecode.swift; path = CLNetworkModel.swift; sourceTree = "<group>"; };
		D0F1C32C20F59D5F00E3A9BA /* CLNetworkUtility.swift */ = {isa = PBXFileReference; fileEncoding = 4; lastKnownFileType = sourcecode.swift; path = CLNetworkUtility.swift; sourceTree = "<group>"; };
		D0F1C32D20F59D5F00E3A9BA /* Reachability.h */ = {isa = PBXFileReference; fileEncoding = 4; lastKnownFileType = sourcecode.c.h; path = Reachability.h; sourceTree = "<group>"; };
		D0F1C32E20F59D5F00E3A9BA /* Reachability.m */ = {isa = PBXFileReference; fileEncoding = 4; lastKnownFileType = sourcecode.c.objc; path = Reachability.m; sourceTree = "<group>"; };
		D0F1C32F20F59D5F00E3A9BA /* Constants.swift */ = {isa = PBXFileReference; fileEncoding = 4; lastKnownFileType = sourcecode.swift; path = Constants.swift; sourceTree = "<group>"; };
		D0F1C33020F59D5F00E3A9BA /* ExSlideMenuController.swift */ = {isa = PBXFileReference; fileEncoding = 4; lastKnownFileType = sourcecode.swift; path = ExSlideMenuController.swift; sourceTree = "<group>"; };
		D0F1C33220F59D5F00E3A9BA /* StringExtensions.swift */ = {isa = PBXFileReference; fileEncoding = 4; lastKnownFileType = sourcecode.swift; path = StringExtensions.swift; sourceTree = "<group>"; };
		D0F1C33420F59D5F00E3A9BA /* Mada-Black.ttf */ = {isa = PBXFileReference; lastKnownFileType = file; path = "Mada-Black.ttf"; sourceTree = "<group>"; };
		D0F1C33520F59D5F00E3A9BA /* Mada-Bold.ttf */ = {isa = PBXFileReference; lastKnownFileType = file; path = "Mada-Bold.ttf"; sourceTree = "<group>"; };
		D0F1C33620F59D5F00E3A9BA /* Mada-ExtraLight.ttf */ = {isa = PBXFileReference; lastKnownFileType = file; path = "Mada-ExtraLight.ttf"; sourceTree = "<group>"; };
		D0F1C33720F59D5F00E3A9BA /* Mada-Light.ttf */ = {isa = PBXFileReference; lastKnownFileType = file; path = "Mada-Light.ttf"; sourceTree = "<group>"; };
		D0F1C33820F59D5F00E3A9BA /* Mada-Medium.ttf */ = {isa = PBXFileReference; lastKnownFileType = file; path = "Mada-Medium.ttf"; sourceTree = "<group>"; };
		D0F1C33920F59D5F00E3A9BA /* Mada-Regular.ttf */ = {isa = PBXFileReference; lastKnownFileType = file; path = "Mada-Regular.ttf"; sourceTree = "<group>"; };
		D0F1C33A20F59D5F00E3A9BA /* Mada-SemiBold.ttf */ = {isa = PBXFileReference; lastKnownFileType = file; path = "Mada-SemiBold.ttf"; sourceTree = "<group>"; };
		D0F1C33C20F59D5F00E3A9BA /* AlwisalUtility.swift */ = {isa = PBXFileReference; fileEncoding = 4; lastKnownFileType = sourcecode.swift; path = AlwisalUtility.swift; sourceTree = "<group>"; };
		D0F1C36020F59F9D00E3A9BA /* AlwisalForgotPassword.swift */ = {isa = PBXFileReference; fileEncoding = 4; lastKnownFileType = sourcecode.swift; path = AlwisalForgotPassword.swift; sourceTree = "<group>"; };
		D0F1C36120F59F9D00E3A9BA /* AlwisalLogIN.swift */ = {isa = PBXFileReference; fileEncoding = 4; lastKnownFileType = sourcecode.swift; path = AlwisalLogIN.swift; sourceTree = "<group>"; };
		D0F1C36220F59F9D00E3A9BA /* AlwisalRegister.swift */ = {isa = PBXFileReference; fileEncoding = 4; lastKnownFileType = sourcecode.swift; path = AlwisalRegister.swift; sourceTree = "<group>"; };
/* End PBXFileReference section */

/* Begin PBXFrameworksBuildPhase section */
		D09E60DB206A9DA1008E5E0B /* Frameworks */ = {
			isa = PBXFrameworksBuildPhase;
			buildActionMask = 2147483647;
			files = (
				9E7137270E3E8051B4DC39B5 /* Pods_Merge.framework in Frameworks */,
			);
			runOnlyForDeploymentPostprocessing = 0;
		};
/* End PBXFrameworksBuildPhase section */

/* Begin PBXGroup section */
		2925F70ACD49E61D031DCB9E /* Frameworks */ = {
			isa = PBXGroup;
			children = (
				2ECA8FD5C0F854002441B979 /* Pods_Merge.framework */,
			);
			name = Frameworks;
			sourceTree = "<group>";
		};
		D050C2CC20F6E66200BEC2B7 /* ChatVC */ = {
			isa = PBXGroup;
			children = (
				D050C2CD20F6E67D00BEC2B7 /* ChatVC.swift */,
			);
			path = ChatVC;
			sourceTree = "<group>";
		};
		D050C2CF20F6EF4B00BEC2B7 /* LandingPageVC */ = {
			isa = PBXGroup;
			children = (
				D050C2D020F6EF5F00BEC2B7 /* LandingPageVC.swift */,
			);
			path = LandingPageVC;
			sourceTree = "<group>";
		};
		D050C2D220F6EFDA00BEC2B7 /* MenuVC */ = {
			isa = PBXGroup;
			children = (
				D050C2D320F6EFE700BEC2B7 /* MenuVC.swift */,
			);
			path = MenuVC;
			sourceTree = "<group>";
		};
		D050C2D520F6F0A400BEC2B7 /* ContactVC */ = {
			isa = PBXGroup;
			children = (
				D050C2D620F6F0B100BEC2B7 /* ContactVC.swift */,
			);
			path = ContactVC;
			sourceTree = "<group>";
		};
		D06EC30620F66DEB00DFFE5D /* UserManagementModule */ = {
			isa = PBXGroup;
			children = (
				D06EC31120F68B3800DFFE5D /* ForgotPasswordVC */,
				D06EC30D20F66FC800DFFE5D /* LogInVC */,
				D06EC30E20F66FC900DFFE5D /* RegisterVC */,
				D06EC30720F66E1200DFFE5D /* FirstLoginVC */,
			);
			path = UserManagementModule;
			sourceTree = "<group>";
		};
		D06EC30720F66E1200DFFE5D /* FirstLoginVC */ = {
			isa = PBXGroup;
			children = (
				D06EC30B20F66F4000DFFE5D /* FirstLoginVC.swift */,
			);
			path = FirstLoginVC;
			sourceTree = "<group>";
		};
		D06EC30820F66F1A00DFFE5D /* BaseViewController */ = {
			isa = PBXGroup;
			children = (
				D06EC31620F691EE00DFFE5D /* BaseViewController.swift */,
			);
			path = BaseViewController;
			sourceTree = "<group>";
		};
		D06EC30D20F66FC800DFFE5D /* LogInVC */ = {
			isa = PBXGroup;
			children = (
				D06EC30F20F6826100DFFE5D /* LogInVC.swift */,
			);
			path = LogInVC;
			sourceTree = "<group>";
		};
		D06EC30E20F66FC900DFFE5D /* RegisterVC */ = {
			isa = PBXGroup;
			children = (
				D06EC31420F690E500DFFE5D /* RegisterVC.swift */,
			);
			path = RegisterVC;
			sourceTree = "<group>";
		};
		D06EC31120F68B3800DFFE5D /* ForgotPasswordVC */ = {
			isa = PBXGroup;
			children = (
				D06EC31220F68B4B00DFFE5D /* ForgotPasswordVC.swift */,
			);
			path = ForgotPasswordVC;
			sourceTree = "<group>";
		};
		D06EC31820F6931400DFFE5D /* PlayerModule */ = {
			isa = PBXGroup;
			children = (
				D06EC31920F6931400DFFE5D /* PlayerObject.swift */,
			);
			path = PlayerModule;
			sourceTree = "<group>";
		};
		D06EC31B20F6941700DFFE5D /* Views */ = {
			isa = PBXGroup;
			children = (
				D06EC31C20F6941700DFFE5D /* PlayListCell.swift */,
				D06EC31D20F6941700DFFE5D /* PlayListCell.xib */,
				D06EC31E20F6941700DFFE5D /* PlaylistView.swift */,
				D06EC31F20F6941700DFFE5D /* PlaylistView.xib */,
				D06EC32020F6941700DFFE5D /* SongInfoCell.swift */,
				D06EC32120F6941700DFFE5D /* SongInfoCell.xib */,
				D06EC32220F6941700DFFE5D /* SongInfoLastCell.swift */,
				D06EC32320F6941700DFFE5D /* SongInfoLastCell.xib */,
				D06EC32420F6941700DFFE5D /* SongInfoView.swift */,
				D06EC32520F6941700DFFE5D /* SongInfoView.xib */,
			);
			path = Views;
			sourceTree = "<group>";
		};
		D09E60D5206A9DA1008E5E0B = {
			isa = PBXGroup;
			children = (
				D09E60E0206A9DA1008E5E0B /* Merge */,
				D09E60DF206A9DA1008E5E0B /* Products */,
				D2C5DEE3F029CD8133E001A0 /* Pods */,
				2925F70ACD49E61D031DCB9E /* Frameworks */,
			);
			sourceTree = "<group>";
		};
		D09E60DF206A9DA1008E5E0B /* Products */ = {
			isa = PBXGroup;
			children = (
				D09E60DE206A9DA1008E5E0B /* Merge.app */,
			);
			name = Products;
			sourceTree = "<group>";
		};
		D09E60E0206A9DA1008E5E0B /* Merge */ = {
			isa = PBXGroup;
			children = (
				D06EC31B20F6941700DFFE5D /* Views */,
				D06EC31820F6931400DFFE5D /* PlayerModule */,
				D0DA6C8420F63E19000600CB /* Resources */,
				D0F1C35F20F59F9D00E3A9BA /* Models */,
				D0F1C35620F59F1900E3A9BA /* ViewControllers */,
				D0F1C31C20F59D5F00E3A9BA /* Helpers */,
				D09E60E1206A9DA1008E5E0B /* AppDelegate.swift */,
				D09E60E5206A9DA1008E5E0B /* Main.storyboard */,
				D09E60EB206A9DA1008E5E0B /* Assets.xcassets */,
				D09E60ED206A9DA1008E5E0B /* LaunchScreen.storyboard */,
				D09E60F0206A9DA1008E5E0B /* Info.plist */,
				D09E60E8206A9DA1008E5E0B /* Merge.xcdatamodeld */,
			);
			path = Merge;
			sourceTree = "<group>";
		};
		D0DA6C8420F63E19000600CB /* Resources */ = {
			isa = PBXGroup;
			children = (
				D0DA6C8520F63E19000600CB /* Poppins-Black.ttf */,
				D0DA6C8620F63E19000600CB /* Poppins-BlackItalic.ttf */,
				D0DA6C8720F63E19000600CB /* Poppins-Bold.ttf */,
				D0DA6C8820F63E19000600CB /* Poppins-BoldItalic.ttf */,
				D0DA6C8920F63E19000600CB /* Poppins-ExtraBold.ttf */,
				D0DA6C8A20F63E19000600CB /* Poppins-ExtraBoldItalic.ttf */,
				D0DA6C8B20F63E19000600CB /* Poppins-ExtraLight.ttf */,
				D0DA6C8C20F63E19000600CB /* Poppins-ExtraLightItalic.ttf */,
				D0DA6C8D20F63E19000600CB /* Poppins-Italic.ttf */,
				D0DA6C8E20F63E19000600CB /* Poppins-Light.ttf */,
				D0DA6C8F20F63E19000600CB /* Poppins-LightItalic.ttf */,
				D0DA6C9020F63E19000600CB /* Poppins-Medium.ttf */,
				D0DA6C9120F63E19000600CB /* Poppins-MediumItalic.ttf */,
				D0DA6C9220F63E19000600CB /* Poppins-Regular.ttf */,
				D0DA6C9320F63E19000600CB /* Poppins-SemiBold.ttf */,
				D0DA6C9420F63E19000600CB /* Poppins-SemiBoldItalic.ttf */,
				D0DA6C9520F63E19000600CB /* Poppins-Thin.ttf */,
				D0DA6C9620F63E19000600CB /* Poppins-ThinItalic.ttf */,
			);
			path = Resources;
			sourceTree = "<group>";
		};
		D0F1C31C20F59D5F00E3A9BA /* Helpers */ = {
			isa = PBXGroup;
			children = (
				D0F1C31D20F59D5F00E3A9BA /* ApiManagers */,
				D0F1C32620F59D5F00E3A9BA /* BaseNetworkManager */,
				D0F1C32F20F59D5F00E3A9BA /* Constants.swift */,
				D0F1C33020F59D5F00E3A9BA /* ExSlideMenuController.swift */,
				D0F1C33120F59D5F00E3A9BA /* Extensions */,
				D0F1C33320F59D5F00E3A9BA /* Fonts */,
				D0F1C33B20F59D5F00E3A9BA /* Utility */,
			);
			path = Helpers;
			sourceTree = "<group>";
		};
		D0F1C31D20F59D5F00E3A9BA /* ApiManagers */ = {
			isa = PBXGroup;
			children = (
				D0F1C31E20F59D5F00E3A9BA /* AlwisalStatusModel.swift */,
				D0F1C31F20F59D5F00E3A9BA /* ArticlesManager.swift */,
				D0F1C32020F59D5F00E3A9BA /* ArtistInfoManager.swift */,
				D0F1C32120F59D5F00E3A9BA /* EventsManager.swift */,
				D0F1C32220F59D5F00E3A9BA /* LandingPageManager.swift */,
				D0F1C32320F59D5F00E3A9BA /* NewsModuleManager.swift */,
				D0F1C32420F59D5F00E3A9BA /* PresenterModuleManager.swift */,
				D0F1C32520F59D5F00E3A9BA /* UserModuleManager.swift */,
			);
			path = ApiManagers;
			sourceTree = "<group>";
		};
		D0F1C32620F59D5F00E3A9BA /* BaseNetworkManager */ = {
			isa = PBXGroup;
			children = (
				D0F1C32720F59D5F00E3A9BA /* Alwisal-Bridging-Header.h */,
				D0F1C32820F59D5F00E3A9BA /* AlwisalApiUrls.swift */,
				D0F1C32920F59D5F00E3A9BA /* CLBaseService.swift */,
				D0F1C32A20F59D5F00E3A9BA /* CLNetworkManager.swift */,
				D0F1C32B20F59D5F00E3A9BA /* CLNetworkModel.swift */,
				D0F1C32C20F59D5F00E3A9BA /* CLNetworkUtility.swift */,
				D0F1C32D20F59D5F00E3A9BA /* Reachability.h */,
				D0F1C32E20F59D5F00E3A9BA /* Reachability.m */,
			);
			path = BaseNetworkManager;
			sourceTree = "<group>";
		};
		D0F1C33120F59D5F00E3A9BA /* Extensions */ = {
			isa = PBXGroup;
			children = (
				D0F1C33220F59D5F00E3A9BA /* StringExtensions.swift */,
			);
			path = Extensions;
			sourceTree = "<group>";
		};
		D0F1C33320F59D5F00E3A9BA /* Fonts */ = {
			isa = PBXGroup;
			children = (
				D0F1C33420F59D5F00E3A9BA /* Mada-Black.ttf */,
				D0F1C33520F59D5F00E3A9BA /* Mada-Bold.ttf */,
				D0F1C33620F59D5F00E3A9BA /* Mada-ExtraLight.ttf */,
				D0F1C33720F59D5F00E3A9BA /* Mada-Light.ttf */,
				D0F1C33820F59D5F00E3A9BA /* Mada-Medium.ttf */,
				D0F1C33920F59D5F00E3A9BA /* Mada-Regular.ttf */,
				D0F1C33A20F59D5F00E3A9BA /* Mada-SemiBold.ttf */,
			);
			path = Fonts;
			sourceTree = "<group>";
		};
		D0F1C33B20F59D5F00E3A9BA /* Utility */ = {
			isa = PBXGroup;
			children = (
				D0F1C33C20F59D5F00E3A9BA /* AlwisalUtility.swift */,
			);
			path = Utility;
			sourceTree = "<group>";
		};
		D0F1C35620F59F1900E3A9BA /* ViewControllers */ = {
			isa = PBXGroup;
			children = (
				D050C2D520F6F0A400BEC2B7 /* ContactVC */,
				D050C2D220F6EFDA00BEC2B7 /* MenuVC */,
				D050C2CF20F6EF4B00BEC2B7 /* LandingPageVC */,
				D050C2CC20F6E66200BEC2B7 /* ChatVC */,
				D06EC30820F66F1A00DFFE5D /* BaseViewController */,
				D06EC30620F66DEB00DFFE5D /* UserManagementModule */,
			);
			path = ViewControllers;
			sourceTree = "<group>";
		};
		D0F1C35F20F59F9D00E3A9BA /* Models */ = {
			isa = PBXGroup;
			children = (
				D0F1C36020F59F9D00E3A9BA /* AlwisalForgotPassword.swift */,
				D0F1C36120F59F9D00E3A9BA /* AlwisalLogIN.swift */,
				D0F1C36220F59F9D00E3A9BA /* AlwisalRegister.swift */,
			);
			path = Models;
			sourceTree = "<group>";
		};
		D2C5DEE3F029CD8133E001A0 /* Pods */ = {
			isa = PBXGroup;
			children = (
				111EC436B6736B0FA6E6FABE /* Pods-Merge.debug.xcconfig */,
				713FF6B29375A62245A2B1BC /* Pods-Merge.release.xcconfig */,
			);
			name = Pods;
			sourceTree = "<group>";
		};
/* End PBXGroup section */

/* Begin PBXNativeTarget section */
		D09E60DD206A9DA1008E5E0B /* Merge */ = {
			isa = PBXNativeTarget;
			buildConfigurationList = D09E60F3206A9DA1008E5E0B /* Build configuration list for PBXNativeTarget "Merge" */;
			buildPhases = (
				45D56F4AB879E942B61199AE /* [CP] Check Pods Manifest.lock */,
				D09E60DA206A9DA1008E5E0B /* Sources */,
				D09E60DB206A9DA1008E5E0B /* Frameworks */,
				D09E60DC206A9DA1008E5E0B /* Resources */,
				10CBA97829F24CD81E849C4F /* [CP] Embed Pods Frameworks */,
				255AEA30706DD0C2FCB78080 /* [CP] Copy Pods Resources */,
			);
			buildRules = (
			);
			dependencies = (
			);
			name = Merge;
			productName = Merge;
			productReference = D09E60DE206A9DA1008E5E0B /* Merge.app */;
			productType = "com.apple.product-type.application";
		};
/* End PBXNativeTarget section */

/* Begin PBXProject section */
		D09E60D6206A9DA1008E5E0B /* Project object */ = {
			isa = PBXProject;
			attributes = {
				LastSwiftUpdateCheck = 0920;
				LastUpgradeCheck = 0920;
				ORGANIZATIONNAME = SC;
				TargetAttributes = {
					D09E60DD206A9DA1008E5E0B = {
						CreatedOnToolsVersion = 9.2;
						ProvisioningStyle = Automatic;
					};
				};
			};
			buildConfigurationList = D09E60D9206A9DA1008E5E0B /* Build configuration list for PBXProject "Merge" */;
			compatibilityVersion = "Xcode 8.0";
			developmentRegion = en;
			hasScannedForEncodings = 0;
			knownRegions = (
				en,
				Base,
			);
			mainGroup = D09E60D5206A9DA1008E5E0B;
			productRefGroup = D09E60DF206A9DA1008E5E0B /* Products */;
			projectDirPath = "";
			projectRoot = "";
			targets = (
				D09E60DD206A9DA1008E5E0B /* Merge */,
			);
		};
/* End PBXProject section */

/* Begin PBXResourcesBuildPhase section */
		D09E60DC206A9DA1008E5E0B /* Resources */ = {
			isa = PBXResourcesBuildPhase;
			buildActionMask = 2147483647;
			files = (
				D09E60EF206A9DA1008E5E0B /* LaunchScreen.storyboard in Resources */,
				D0DA6C9D20F63E19000600CB /* Poppins-ExtraLight.ttf in Resources */,
				D0DA6C9B20F63E19000600CB /* Poppins-ExtraBold.ttf in Resources */,
				D0DA6CA620F63E19000600CB /* Poppins-SemiBoldItalic.ttf in Resources */,
				D0F1C35120F59D5F00E3A9BA /* Mada-Light.ttf in Resources */,
				D0DA6CA820F63E19000600CB /* Poppins-ThinItalic.ttf in Resources */,
				D0DA6C9F20F63E19000600CB /* Poppins-Italic.ttf in Resources */,
				D09E60EC206A9DA1008E5E0B /* Assets.xcassets in Resources */,
				D09E60E7206A9DA1008E5E0B /* Main.storyboard in Resources */,
				D06EC32F20F6941800DFFE5D /* SongInfoView.xib in Resources */,
				D0DA6C9820F63E19000600CB /* Poppins-BlackItalic.ttf in Resources */,
				D06EC32B20F6941700DFFE5D /* SongInfoCell.xib in Resources */,
				D0F1C35220F59D5F00E3A9BA /* Mada-Medium.ttf in Resources */,
				D0F1C34E20F59D5F00E3A9BA /* Mada-Black.ttf in Resources */,
				D0DA6C9C20F63E19000600CB /* Poppins-ExtraBoldItalic.ttf in Resources */,
				D0DA6CA020F63E19000600CB /* Poppins-Light.ttf in Resources */,
				D0F1C35320F59D5F00E3A9BA /* Mada-Regular.ttf in Resources */,
				D0DA6CA220F63E19000600CB /* Poppins-Medium.ttf in Resources */,
				D06EC32920F6941700DFFE5D /* PlaylistView.xib in Resources */,
				D0DA6C9920F63E19000600CB /* Poppins-Bold.ttf in Resources */,
				D0DA6CA420F63E19000600CB /* Poppins-Regular.ttf in Resources */,
				D0DA6C9E20F63E19000600CB /* Poppins-ExtraLightItalic.ttf in Resources */,
				D06EC32720F6941700DFFE5D /* PlayListCell.xib in Resources */,
				D0DA6C9A20F63E19000600CB /* Poppins-BoldItalic.ttf in Resources */,
				D0DA6CA120F63E19000600CB /* Poppins-LightItalic.ttf in Resources */,
				D0F1C34F20F59D5F00E3A9BA /* Mada-Bold.ttf in Resources */,
				D0DA6CA720F63E19000600CB /* Poppins-Thin.ttf in Resources */,
				D0DA6CA520F63E19000600CB /* Poppins-SemiBold.ttf in Resources */,
				D0DA6C9720F63E19000600CB /* Poppins-Black.ttf in Resources */,
				D06EC32D20F6941700DFFE5D /* SongInfoLastCell.xib in Resources */,
				D0F1C35420F59D5F00E3A9BA /* Mada-SemiBold.ttf in Resources */,
				D0DA6CA320F63E19000600CB /* Poppins-MediumItalic.ttf in Resources */,
				D0F1C35020F59D5F00E3A9BA /* Mada-ExtraLight.ttf in Resources */,
			);
			runOnlyForDeploymentPostprocessing = 0;
		};
/* End PBXResourcesBuildPhase section */

/* Begin PBXShellScriptBuildPhase section */
		10CBA97829F24CD81E849C4F /* [CP] Embed Pods Frameworks */ = {
			isa = PBXShellScriptBuildPhase;
			buildActionMask = 2147483647;
			files = (
			);
			inputPaths = (
				"${SRCROOT}/Pods/Target Support Files/Pods-Merge/Pods-Merge-frameworks.sh",
				"${BUILT_PRODUCTS_DIR}/Bolts/Bolts.framework",
				"${BUILT_PRODUCTS_DIR}/FBSDKCoreKit/FBSDKCoreKit.framework",
				"${BUILT_PRODUCTS_DIR}/FBSDKLoginKit/FBSDKLoginKit.framework",
				"${BUILT_PRODUCTS_DIR}/FacebookCore/FacebookCore.framework",
				"${BUILT_PRODUCTS_DIR}/FacebookLogin/FacebookLogin.framework",
				"${BUILT_PRODUCTS_DIR}/GTMOAuth2/GTMOAuth2.framework",
				"${BUILT_PRODUCTS_DIR}/GTMSessionFetcher/GTMSessionFetcher.framework",
				"${BUILT_PRODUCTS_DIR}/GoogleToolboxForMac/GoogleToolboxForMac.framework",
				"${BUILT_PRODUCTS_DIR}/IQKeyboardManagerSwift/IQKeyboardManagerSwift.framework",
				"${BUILT_PRODUCTS_DIR}/MBProgressHUD/MBProgressHUD.framework",
				"${BUILT_PRODUCTS_DIR}/SDWebImage/SDWebImage.framework",
				"${BUILT_PRODUCTS_DIR}/SlideMenuControllerSwift/SlideMenuControllerSwift.framework",
				"${PODS_ROOT}/TwitterCore/iOS/TwitterCore.framework",
				"${PODS_ROOT}/TwitterKit/iOS/TwitterKit.framework",
			);
			name = "[CP] Embed Pods Frameworks";
			outputPaths = (
				"${TARGET_BUILD_DIR}/${FRAMEWORKS_FOLDER_PATH}/Bolts.framework",
				"${TARGET_BUILD_DIR}/${FRAMEWORKS_FOLDER_PATH}/FBSDKCoreKit.framework",
				"${TARGET_BUILD_DIR}/${FRAMEWORKS_FOLDER_PATH}/FBSDKLoginKit.framework",
				"${TARGET_BUILD_DIR}/${FRAMEWORKS_FOLDER_PATH}/FacebookCore.framework",
				"${TARGET_BUILD_DIR}/${FRAMEWORKS_FOLDER_PATH}/FacebookLogin.framework",
				"${TARGET_BUILD_DIR}/${FRAMEWORKS_FOLDER_PATH}/GTMOAuth2.framework",
				"${TARGET_BUILD_DIR}/${FRAMEWORKS_FOLDER_PATH}/GTMSessionFetcher.framework",
				"${TARGET_BUILD_DIR}/${FRAMEWORKS_FOLDER_PATH}/GoogleToolboxForMac.framework",
				"${TARGET_BUILD_DIR}/${FRAMEWORKS_FOLDER_PATH}/IQKeyboardManagerSwift.framework",
				"${TARGET_BUILD_DIR}/${FRAMEWORKS_FOLDER_PATH}/MBProgressHUD.framework",
				"${TARGET_BUILD_DIR}/${FRAMEWORKS_FOLDER_PATH}/SDWebImage.framework",
				"${TARGET_BUILD_DIR}/${FRAMEWORKS_FOLDER_PATH}/SlideMenuControllerSwift.framework",
				"${TARGET_BUILD_DIR}/${FRAMEWORKS_FOLDER_PATH}/TwitterCore.framework",
				"${TARGET_BUILD_DIR}/${FRAMEWORKS_FOLDER_PATH}/TwitterKit.framework",
			);
			runOnlyForDeploymentPostprocessing = 0;
			shellPath = /bin/sh;
			shellScript = "\"${SRCROOT}/Pods/Target Support Files/Pods-Merge/Pods-Merge-frameworks.sh\"\n";
			showEnvVarsInLog = 0;
		};
		255AEA30706DD0C2FCB78080 /* [CP] Copy Pods Resources */ = {
			isa = PBXShellScriptBuildPhase;
			buildActionMask = 2147483647;
			files = (
			);
			inputPaths = (
				"${SRCROOT}/Pods/Target Support Files/Pods-Merge/Pods-Merge-resources.sh",
				"${PODS_ROOT}/GoogleSignIn/Resources/GoogleSignIn.bundle",
				"${PODS_ROOT}/TwitterKit/iOS/TwitterKit.framework/TwitterKitResources.bundle",
				"${PODS_ROOT}/TwitterKit/iOS/TwitterKit.framework/TwitterShareExtensionUIResources.bundle",
			);
			name = "[CP] Copy Pods Resources";
			outputPaths = (
				"${TARGET_BUILD_DIR}/${UNLOCALIZED_RESOURCES_FOLDER_PATH}/GoogleSignIn.bundle",
				"${TARGET_BUILD_DIR}/${UNLOCALIZED_RESOURCES_FOLDER_PATH}/TwitterKitResources.bundle",
				"${TARGET_BUILD_DIR}/${UNLOCALIZED_RESOURCES_FOLDER_PATH}/TwitterShareExtensionUIResources.bundle",
			);
			runOnlyForDeploymentPostprocessing = 0;
			shellPath = /bin/sh;
			shellScript = "\"${SRCROOT}/Pods/Target Support Files/Pods-Merge/Pods-Merge-resources.sh\"\n";
			showEnvVarsInLog = 0;
		};
		45D56F4AB879E942B61199AE /* [CP] Check Pods Manifest.lock */ = {
			isa = PBXShellScriptBuildPhase;
			buildActionMask = 2147483647;
			files = (
			);
			inputPaths = (
				"${PODS_PODFILE_DIR_PATH}/Podfile.lock",
				"${PODS_ROOT}/Manifest.lock",
			);
			name = "[CP] Check Pods Manifest.lock";
			outputPaths = (
				"$(DERIVED_FILE_DIR)/Pods-Merge-checkManifestLockResult.txt",
			);
			runOnlyForDeploymentPostprocessing = 0;
			shellPath = /bin/sh;
			shellScript = "diff \"${PODS_PODFILE_DIR_PATH}/Podfile.lock\" \"${PODS_ROOT}/Manifest.lock\" > /dev/null\nif [ $? != 0 ] ; then\n    # print error to STDERR\n    echo \"error: The sandbox is not in sync with the Podfile.lock. Run 'pod install' or update your CocoaPods installation.\" >&2\n    exit 1\nfi\n# This output is used by Xcode 'outputs' to avoid re-running this script phase.\necho \"SUCCESS\" > \"${SCRIPT_OUTPUT_FILE_0}\"\n";
			showEnvVarsInLog = 0;
		};
/* End PBXShellScriptBuildPhase section */

/* Begin PBXSourcesBuildPhase section */
		D09E60DA206A9DA1008E5E0B /* Sources */ = {
			isa = PBXSourcesBuildPhase;
			buildActionMask = 2147483647;
			files = (
				D0F1C34120F59D5F00E3A9BA /* LandingPageManager.swift in Sources */,
				D06EC30C20F66F4000DFFE5D /* FirstLoginVC.swift in Sources */,
				D0F1C34720F59D5F00E3A9BA /* CLNetworkManager.swift in Sources */,
				D0F1C33F20F59D5F00E3A9BA /* ArtistInfoManager.swift in Sources */,
				D06EC32820F6941700DFFE5D /* PlaylistView.swift in Sources */,
				D06EC31A20F6931400DFFE5D /* PlayerObject.swift in Sources */,
				D0F1C34020F59D5F00E3A9BA /* EventsManager.swift in Sources */,
				D06EC31720F691EE00DFFE5D /* BaseViewController.swift in Sources */,
				D0F1C34520F59D5F00E3A9BA /* AlwisalApiUrls.swift in Sources */,
				D0F1C35520F59D6000E3A9BA /* AlwisalUtility.swift in Sources */,
				D0F1C34820F59D5F00E3A9BA /* CLNetworkModel.swift in Sources */,
				D06EC31320F68B4B00DFFE5D /* ForgotPasswordVC.swift in Sources */,
				D0F1C34220F59D5F00E3A9BA /* NewsModuleManager.swift in Sources */,
				D0F1C36320F59F9F00E3A9BA /* AlwisalForgotPassword.swift in Sources */,
				D0F1C34620F59D5F00E3A9BA /* CLBaseService.swift in Sources */,
				D050C2D720F6F0B100BEC2B7 /* ContactVC.swift in Sources */,
				D0F1C33D20F59D5F00E3A9BA /* AlwisalStatusModel.swift in Sources */,
				D06EC32A20F6941700DFFE5D /* SongInfoCell.swift in Sources */,
				D0F1C34320F59D5F00E3A9BA /* PresenterModuleManager.swift in Sources */,
				D06EC31020F6826100DFFE5D /* LogInVC.swift in Sources */,
				D06EC31520F690E500DFFE5D /* RegisterVC.swift in Sources */,
				D0F1C33E20F59D5F00E3A9BA /* ArticlesManager.swift in Sources */,
				D050C2D120F6EF5F00BEC2B7 /* LandingPageVC.swift in Sources */,
				D0F1C34D20F59D5F00E3A9BA /* StringExtensions.swift in Sources */,
				D0F1C34420F59D5F00E3A9BA /* UserModuleManager.swift in Sources */,
				D0F1C36420F59F9F00E3A9BA /* AlwisalLogIN.swift in Sources */,
				D06EC32C20F6941700DFFE5D /* SongInfoLastCell.swift in Sources */,
				D09E60EA206A9DA1008E5E0B /* Merge.xcdatamodeld in Sources */,
				D0F1C36520F59F9F00E3A9BA /* AlwisalRegister.swift in Sources */,
				D0F1C34920F59D5F00E3A9BA /* CLNetworkUtility.swift in Sources */,
				D09E60E2206A9DA1008E5E0B /* AppDelegate.swift in Sources */,
				D050C2CE20F6E67D00BEC2B7 /* ChatVC.swift in Sources */,
				D06EC32E20F6941800DFFE5D /* SongInfoView.swift in Sources */,
				D050C2D420F6EFE700BEC2B7 /* MenuVC.swift in Sources */,
				D0F1C34A20F59D5F00E3A9BA /* Reachability.m in Sources */,
				D0F1C34B20F59D5F00E3A9BA /* Constants.swift in Sources */,
				D0F1C34C20F59D5F00E3A9BA /* ExSlideMenuController.swift in Sources */,
				D06EC32620F6941700DFFE5D /* PlayListCell.swift in Sources */,
			);
			runOnlyForDeploymentPostprocessing = 0;
		};
/* End PBXSourcesBuildPhase section */

/* Begin PBXVariantGroup section */
		D09E60E5206A9DA1008E5E0B /* Main.storyboard */ = {
			isa = PBXVariantGroup;
			children = (
				D09E60E6206A9DA1008E5E0B /* Base */,
			);
			name = Main.storyboard;
			sourceTree = "<group>";
		};
		D09E60ED206A9DA1008E5E0B /* LaunchScreen.storyboard */ = {
			isa = PBXVariantGroup;
			children = (
				D09E60EE206A9DA1008E5E0B /* Base */,
			);
			name = LaunchScreen.storyboard;
			sourceTree = "<group>";
		};
/* End PBXVariantGroup section */

/* Begin XCBuildConfiguration section */
		D09E60F1206A9DA1008E5E0B /* Debug */ = {
			isa = XCBuildConfiguration;
			buildSettings = {
				ALWAYS_SEARCH_USER_PATHS = NO;
				CLANG_ANALYZER_NONNULL = YES;
				CLANG_ANALYZER_NUMBER_OBJECT_CONVERSION = YES_AGGRESSIVE;
				CLANG_CXX_LANGUAGE_STANDARD = "gnu++14";
				CLANG_CXX_LIBRARY = "libc++";
				CLANG_ENABLE_MODULES = YES;
				CLANG_ENABLE_OBJC_ARC = YES;
				CLANG_WARN_BLOCK_CAPTURE_AUTORELEASING = YES;
				CLANG_WARN_BOOL_CONVERSION = YES;
				CLANG_WARN_COMMA = YES;
				CLANG_WARN_CONSTANT_CONVERSION = YES;
				CLANG_WARN_DIRECT_OBJC_ISA_USAGE = YES_ERROR;
				CLANG_WARN_DOCUMENTATION_COMMENTS = YES;
				CLANG_WARN_EMPTY_BODY = YES;
				CLANG_WARN_ENUM_CONVERSION = YES;
				CLANG_WARN_INFINITE_RECURSION = YES;
				CLANG_WARN_INT_CONVERSION = YES;
				CLANG_WARN_NON_LITERAL_NULL_CONVERSION = YES;
				CLANG_WARN_OBJC_LITERAL_CONVERSION = YES;
				CLANG_WARN_OBJC_ROOT_CLASS = YES_ERROR;
				CLANG_WARN_RANGE_LOOP_ANALYSIS = YES;
				CLANG_WARN_STRICT_PROTOTYPES = YES;
				CLANG_WARN_SUSPICIOUS_MOVE = YES;
				CLANG_WARN_UNGUARDED_AVAILABILITY = YES_AGGRESSIVE;
				CLANG_WARN_UNREACHABLE_CODE = YES;
				CLANG_WARN__DUPLICATE_METHOD_MATCH = YES;
				CODE_SIGN_IDENTITY = "iPhone Developer";
				COPY_PHASE_STRIP = NO;
				DEBUG_INFORMATION_FORMAT = dwarf;
				ENABLE_STRICT_OBJC_MSGSEND = YES;
				ENABLE_TESTABILITY = YES;
				GCC_C_LANGUAGE_STANDARD = gnu11;
				GCC_DYNAMIC_NO_PIC = NO;
				GCC_NO_COMMON_BLOCKS = YES;
				GCC_OPTIMIZATION_LEVEL = 0;
				GCC_PREPROCESSOR_DEFINITIONS = (
					"DEBUG=1",
					"$(inherited)",
				);
				GCC_WARN_64_TO_32_BIT_CONVERSION = YES;
				GCC_WARN_ABOUT_RETURN_TYPE = YES_ERROR;
				GCC_WARN_UNDECLARED_SELECTOR = YES;
				GCC_WARN_UNINITIALIZED_AUTOS = YES_AGGRESSIVE;
				GCC_WARN_UNUSED_FUNCTION = YES;
				GCC_WARN_UNUSED_VARIABLE = YES;
				IPHONEOS_DEPLOYMENT_TARGET = 11.2;
				MTL_ENABLE_DEBUG_INFO = YES;
				ONLY_ACTIVE_ARCH = YES;
				SDKROOT = iphoneos;
				SWIFT_ACTIVE_COMPILATION_CONDITIONS = DEBUG;
				SWIFT_OPTIMIZATION_LEVEL = "-Onone";
			};
			name = Debug;
		};
		D09E60F2206A9DA1008E5E0B /* Release */ = {
			isa = XCBuildConfiguration;
			buildSettings = {
				ALWAYS_SEARCH_USER_PATHS = NO;
				CLANG_ANALYZER_NONNULL = YES;
				CLANG_ANALYZER_NUMBER_OBJECT_CONVERSION = YES_AGGRESSIVE;
				CLANG_CXX_LANGUAGE_STANDARD = "gnu++14";
				CLANG_CXX_LIBRARY = "libc++";
				CLANG_ENABLE_MODULES = YES;
				CLANG_ENABLE_OBJC_ARC = YES;
				CLANG_WARN_BLOCK_CAPTURE_AUTORELEASING = YES;
				CLANG_WARN_BOOL_CONVERSION = YES;
				CLANG_WARN_COMMA = YES;
				CLANG_WARN_CONSTANT_CONVERSION = YES;
				CLANG_WARN_DIRECT_OBJC_ISA_USAGE = YES_ERROR;
				CLANG_WARN_DOCUMENTATION_COMMENTS = YES;
				CLANG_WARN_EMPTY_BODY = YES;
				CLANG_WARN_ENUM_CONVERSION = YES;
				CLANG_WARN_INFINITE_RECURSION = YES;
				CLANG_WARN_INT_CONVERSION = YES;
				CLANG_WARN_NON_LITERAL_NULL_CONVERSION = YES;
				CLANG_WARN_OBJC_LITERAL_CONVERSION = YES;
				CLANG_WARN_OBJC_ROOT_CLASS = YES_ERROR;
				CLANG_WARN_RANGE_LOOP_ANALYSIS = YES;
				CLANG_WARN_STRICT_PROTOTYPES = YES;
				CLANG_WARN_SUSPICIOUS_MOVE = YES;
				CLANG_WARN_UNGUARDED_AVAILABILITY = YES_AGGRESSIVE;
				CLANG_WARN_UNREACHABLE_CODE = YES;
				CLANG_WARN__DUPLICATE_METHOD_MATCH = YES;
				CODE_SIGN_IDENTITY = "iPhone Developer";
				COPY_PHASE_STRIP = NO;
				DEBUG_INFORMATION_FORMAT = "dwarf-with-dsym";
				ENABLE_NS_ASSERTIONS = NO;
				ENABLE_STRICT_OBJC_MSGSEND = YES;
				GCC_C_LANGUAGE_STANDARD = gnu11;
				GCC_NO_COMMON_BLOCKS = YES;
				GCC_WARN_64_TO_32_BIT_CONVERSION = YES;
				GCC_WARN_ABOUT_RETURN_TYPE = YES_ERROR;
				GCC_WARN_UNDECLARED_SELECTOR = YES;
				GCC_WARN_UNINITIALIZED_AUTOS = YES_AGGRESSIVE;
				GCC_WARN_UNUSED_FUNCTION = YES;
				GCC_WARN_UNUSED_VARIABLE = YES;
				IPHONEOS_DEPLOYMENT_TARGET = 11.2;
				MTL_ENABLE_DEBUG_INFO = NO;
				SDKROOT = iphoneos;
				SWIFT_OPTIMIZATION_LEVEL = "-Owholemodule";
				VALIDATE_PRODUCT = YES;
			};
			name = Release;
		};
		D09E60F4206A9DA1008E5E0B /* Debug */ = {
			isa = XCBuildConfiguration;
			baseConfigurationReference = 111EC436B6736B0FA6E6FABE /* Pods-Merge.debug.xcconfig */;
			buildSettings = {
				ASSETCATALOG_COMPILER_APPICON_NAME = AppIcon;
				CODE_SIGN_STYLE = Automatic;
				DEVELOPMENT_TEAM = WVYK59KXPF;
				INFOPLIST_FILE = Merge/Info.plist;
				IPHONEOS_DEPLOYMENT_TARGET = 10.0;
				LD_RUNPATH_SEARCH_PATHS = "$(inherited) @executable_path/Frameworks";
				PRODUCT_BUNDLE_IDENTIFIER = com.merge.ios;
				PRODUCT_NAME = "$(TARGET_NAME)";
				SWIFT_OBJC_BRIDGING_HEADER = "Merge/Helpers/BaseNetworkManager/Alwisal-Bridging-Header.h";
				SWIFT_VERSION = 4.0;
				TARGETED_DEVICE_FAMILY = "1,2";
			};
			name = Debug;
		};
		D09E60F5206A9DA1008E5E0B /* Release */ = {
			isa = XCBuildConfiguration;
			baseConfigurationReference = 713FF6B29375A62245A2B1BC /* Pods-Merge.release.xcconfig */;
			buildSettings = {
				ASSETCATALOG_COMPILER_APPICON_NAME = AppIcon;
				CODE_SIGN_STYLE = Automatic;
				DEVELOPMENT_TEAM = WVYK59KXPF;
				INFOPLIST_FILE = Merge/Info.plist;
				IPHONEOS_DEPLOYMENT_TARGET = 10.0;
				LD_RUNPATH_SEARCH_PATHS = "$(inherited) @executable_path/Frameworks";
				PRODUCT_BUNDLE_IDENTIFIER = com.merge.ios;
				PRODUCT_NAME = "$(TARGET_NAME)";
				SWIFT_OBJC_BRIDGING_HEADER = "Merge/Helpers/BaseNetworkManager/Alwisal-Bridging-Header.h";
				SWIFT_VERSION = 4.0;
				TARGETED_DEVICE_FAMILY = "1,2";
			};
			name = Release;
		};
/* End XCBuildConfiguration section */

/* Begin XCConfigurationList section */
		D09E60D9206A9DA1008E5E0B /* Build configuration list for PBXProject "Merge" */ = {
			isa = XCConfigurationList;
			buildConfigurations = (
				D09E60F1206A9DA1008E5E0B /* Debug */,
				D09E60F2206A9DA1008E5E0B /* Release */,
			);
			defaultConfigurationIsVisible = 0;
			defaultConfigurationName = Release;
		};
		D09E60F3206A9DA1008E5E0B /* Build configuration list for PBXNativeTarget "Merge" */ = {
			isa = XCConfigurationList;
			buildConfigurations = (
				D09E60F4206A9DA1008E5E0B /* Debug */,
				D09E60F5206A9DA1008E5E0B /* Release */,
			);
			defaultConfigurationIsVisible = 0;
			defaultConfigurationName = Release;
		};
/* End XCConfigurationList section */

/* Begin XCVersionGroup section */
		D09E60E8206A9DA1008E5E0B /* Merge.xcdatamodeld */ = {
			isa = XCVersionGroup;
			children = (
				D09E60E9206A9DA1008E5E0B /* Merge.xcdatamodel */,
			);
			currentVersion = D09E60E9206A9DA1008E5E0B /* Merge.xcdatamodel */;
			path = Merge.xcdatamodeld;
			sourceTree = "<group>";
			versionGroupType = wrapper.xcdatamodel;
		};
/* End XCVersionGroup section */
	};
	rootObject = D09E60D6206A9DA1008E5E0B /* Project object */;
}
